
Microsoft Visual Studio Solution File, Format Version 12.00
# Visual Studio Version 17
VisualStudioVersion = 17.5.002.0
MinimumVisualStudioVersion = 10.0.40219.1
Project("{9A19103F-16F7-4668-BE54-9A1E7A4F7556}") = "DesafioPOO", "DesafioPOO.csproj", "{9B5E37F8-741F-4E69-8F6C-8C00200A4960}"
EndProject
Global
	GlobalSection(SolutionConfigurationPlatforms) = preSolution
		Debug|Any CPU = Debug|Any CPU
		Release|Any CPU = Release|Any CPU
	EndGlobalSection
	GlobalSection(ProjectConfigurationPlatforms) = postSolution
		{9B5E37F8-741F-4E69-8F6C-8C00200A4960}.Debug|Any CPU.ActiveCfg = Debug|Any CPU
		{9B5E37F8-741F-4E69-8F6C-8C00200A4960}.Debug|Any CPU.Build.0 = Debug|Any CPU
		{9B5E37F8-741F-4E69-8F6C-8C00200A4960}.Release|Any CPU.ActiveCfg = Release|Any CPU
		{9B5E37F8-741F-4E69-8F6C-8C00200A4960}.Release|Any CPU.Build.0 = Release|Any CPU
	EndGlobalSection
	GlobalSection(SolutionProperties) = preSolution
		HideSolutionNode = FALSE
	EndGlobalSection
	GlobalSection(ExtensibilityGlobals) = postSolution
		SolutionGuid = {37B61961-B86C-4BA5-AE9F-9051CE13047A}
	EndGlobalSection
EndGlobal
